{
  "requires": true,
  "lockfileVersion": 1,
  "dependencies": {
    "dynamodb-toolkit": {
      "version": "1.13.5",
      "resolved": "https://registry.npmjs.org/dynamodb-toolkit/-/dynamodb-toolkit-1.13.5.tgz",
      "integrity": "sha512-LUKRjHoKrshnKLdT0slUFldRdVgiZhPbMyhaKO8VCn6mq8OjQkA1Pvz0wm7XrLcQCdxxCvrQt0paVCi9RhP1LQ=="
    }
  }
}
